
Microsoft Visual Studio Solution File, Format Version 12.00
# Visual Studio Version 17
VisualStudioVersion = 17.5.33103.201
MinimumVisualStudioVersion = 10.0.40219.1
Project("{FAE04EC0-301F-11D3-BF4B-00C04F79EFBC}") = "OpenHdWebUi.Server", "OpenHdWebUi\Server\OpenHdWebUi.Server.csproj", "{AD6B2580-C83A-43FE-B954-76EBF2F29732}"
EndProject
Project("{FAE04EC0-301F-11D3-BF4B-00C04F79EFBC}") = "OpenHdWebUi.Client", "OpenHdWebUi\Client\OpenHdWebUi.Client.csproj", "{52F470E0-8BC7-43C1-B249-C50984416AF0}"
EndProject
Project("{FAE04EC0-301F-11D3-BF4B-00C04F79EFBC}") = "OpenHdWebUi.Shared", "OpenHdWebUi\Shared\OpenHdWebUi.Shared.csproj", "{0EEEF711-7CE9-4139-810A-4ECC31E632D6}"
EndProject
Global
	GlobalSection(SolutionConfigurationPlatforms) = preSolution
		Debug|Any CPU = Debug|Any CPU
		Release|Any CPU = Release|Any CPU
	EndGlobalSection
	GlobalSection(ProjectConfigurationPlatforms) = postSolution
		{AD6B2580-C83A-43FE-B954-76EBF2F29732}.Debug|Any CPU.ActiveCfg = Debug|Any CPU
		{AD6B2580-C83A-43FE-B954-76EBF2F29732}.Debug|Any CPU.Build.0 = Debug|Any CPU
		{AD6B2580-C83A-43FE-B954-76EBF2F29732}.Release|Any CPU.ActiveCfg = Release|Any CPU
		{AD6B2580-C83A-43FE-B954-76EBF2F29732}.Release|Any CPU.Build.0 = Release|Any CPU
		{52F470E0-8BC7-43C1-B249-C50984416AF0}.Debug|Any CPU.ActiveCfg = Debug|Any CPU
		{52F470E0-8BC7-43C1-B249-C50984416AF0}.Debug|Any CPU.Build.0 = Debug|Any CPU
		{52F470E0-8BC7-43C1-B249-C50984416AF0}.Release|Any CPU.ActiveCfg = Release|Any CPU
		{52F470E0-8BC7-43C1-B249-C50984416AF0}.Release|Any CPU.Build.0 = Release|Any CPU
		{0EEEF711-7CE9-4139-810A-4ECC31E632D6}.Debug|Any CPU.ActiveCfg = Debug|Any CPU
		{0EEEF711-7CE9-4139-810A-4ECC31E632D6}.Debug|Any CPU.Build.0 = Debug|Any CPU
		{0EEEF711-7CE9-4139-810A-4ECC31E632D6}.Release|Any CPU.ActiveCfg = Release|Any CPU
		{0EEEF711-7CE9-4139-810A-4ECC31E632D6}.Release|Any CPU.Build.0 = Release|Any CPU
	EndGlobalSection
	GlobalSection(SolutionProperties) = preSolution
		HideSolutionNode = FALSE
	EndGlobalSection
	GlobalSection(ExtensibilityGlobals) = postSolution
		SolutionGuid = {552FFCEA-ACA7-43C5-95D3-DE20A23DB696}
	EndGlobalSection
EndGlobal
