
Microsoft Visual Studio Solution File, Format Version 12.00
# Visual Studio Version 17
VisualStudioVersion = 17.5.33103.201
MinimumVisualStudioVersion = 10.0.40219.1
Project("{9A19103F-16F7-4668-BE54-9A1E7A4F7556}") = "OpenHdWebUi.Server", "OpenHdWebUi.Server\OpenHdWebUi.Server.csproj", "{647C1CD1-5AE0-4D2F-8761-A27A6A26856C}"
EndProject
Project("{9A19103F-16F7-4668-BE54-9A1E7A4F7556}") = "_build", "..\build\_build.csproj", "{76046B4D-733A-4C83-8C66-C661C23FCB31}"
EndProject
Project("{2150E333-8FDC-42A3-9474-1A3956D46DE8}") = "Solution Items", "Solution Items", "{943951A9-6A26-463C-B292-4EFECA024E0B}"
	ProjectSection(SolutionItems) = preProject
		..\.gitignore = ..\.gitignore
		..\control.template = ..\control.template
		..\openhd-web-ui.service = ..\openhd-web-ui.service
		..\postinst = ..\postinst
	EndProjectSection
EndProject
Project("{9A19103F-16F7-4668-BE54-9A1E7A4F7556}") = "ConversionDemo", "ConversionDemo\ConversionDemo.csproj", "{516B1232-6903-420E-9DD2-10187AFA5850}"
EndProject
Project("{9A19103F-16F7-4668-BE54-9A1E7A4F7556}") = "OpenHdWebUi.FileSystem", "OpenHdWebUi.FileSystem\OpenHdWebUi.FileSystem.csproj", "{2F0BB713-E306-4A24-BA63-322A2A90EF84}"
EndProject
Project("{9A19103F-16F7-4668-BE54-9A1E7A4F7556}") = "OpenHdWebUi.FFmpeg", "OpenHdWebUi.FFmpeg\OpenHdWebUi.FFmpeg.csproj", "{E8B63594-4E6E-479A-80ED-A2A401EF0452}"
EndProject
Project("{9A19103F-16F7-4668-BE54-9A1E7A4F7556}") = "OpenHdWebUi.RtpToWebRestreamer", "OpenHdWebUi.RtpToWebRestreamer\OpenHdWebUi.RtpToWebRestreamer.csproj", "{ED8334A9-F501-4547-B5EF-03C6D46C25D6}"
EndProject
Project("{9A19103F-16F7-4668-BE54-9A1E7A4F7556}") = "RtpToWebRestreamerDemo", "RtpToWebRestreamerDemo\RtpToWebRestreamerDemo.csproj", "{990A8F88-F2A1-416C-94F2-9DEE6DBC50DA}"
EndProject
Project("{2150E333-8FDC-42A3-9474-1A3956D46DE8}") = "DemoProjects", "DemoProjects", "{6672B834-BDB9-4A69-96B9-147F114C8FB5}"
EndProject
Global
	GlobalSection(SolutionConfigurationPlatforms) = preSolution
		Debug|Any CPU = Debug|Any CPU
		Release|Any CPU = Release|Any CPU
	EndGlobalSection
	GlobalSection(ProjectConfigurationPlatforms) = postSolution
		{647C1CD1-5AE0-4D2F-8761-A27A6A26856C}.Debug|Any CPU.ActiveCfg = Debug|Any CPU
		{647C1CD1-5AE0-4D2F-8761-A27A6A26856C}.Debug|Any CPU.Build.0 = Debug|Any CPU
		{647C1CD1-5AE0-4D2F-8761-A27A6A26856C}.Release|Any CPU.ActiveCfg = Release|Any CPU
		{647C1CD1-5AE0-4D2F-8761-A27A6A26856C}.Release|Any CPU.Build.0 = Release|Any CPU
		{76046B4D-733A-4C83-8C66-C661C23FCB31}.Debug|Any CPU.ActiveCfg = Debug|Any CPU
		{76046B4D-733A-4C83-8C66-C661C23FCB31}.Release|Any CPU.ActiveCfg = Release|Any CPU
		{516B1232-6903-420E-9DD2-10187AFA5850}.Debug|Any CPU.ActiveCfg = Debug|Any CPU
		{516B1232-6903-420E-9DD2-10187AFA5850}.Debug|Any CPU.Build.0 = Debug|Any CPU
		{516B1232-6903-420E-9DD2-10187AFA5850}.Release|Any CPU.ActiveCfg = Release|Any CPU
		{516B1232-6903-420E-9DD2-10187AFA5850}.Release|Any CPU.Build.0 = Release|Any CPU
		{2F0BB713-E306-4A24-BA63-322A2A90EF84}.Debug|Any CPU.ActiveCfg = Debug|Any CPU
		{2F0BB713-E306-4A24-BA63-322A2A90EF84}.Debug|Any CPU.Build.0 = Debug|Any CPU
		{2F0BB713-E306-4A24-BA63-322A2A90EF84}.Release|Any CPU.ActiveCfg = Release|Any CPU
		{2F0BB713-E306-4A24-BA63-322A2A90EF84}.Release|Any CPU.Build.0 = Release|Any CPU
		{E8B63594-4E6E-479A-80ED-A2A401EF0452}.Debug|Any CPU.ActiveCfg = Debug|Any CPU
		{E8B63594-4E6E-479A-80ED-A2A401EF0452}.Debug|Any CPU.Build.0 = Debug|Any CPU
		{E8B63594-4E6E-479A-80ED-A2A401EF0452}.Release|Any CPU.ActiveCfg = Release|Any CPU
		{E8B63594-4E6E-479A-80ED-A2A401EF0452}.Release|Any CPU.Build.0 = Release|Any CPU
		{ED8334A9-F501-4547-B5EF-03C6D46C25D6}.Debug|Any CPU.ActiveCfg = Debug|Any CPU
		{ED8334A9-F501-4547-B5EF-03C6D46C25D6}.Debug|Any CPU.Build.0 = Debug|Any CPU
		{ED8334A9-F501-4547-B5EF-03C6D46C25D6}.Release|Any CPU.ActiveCfg = Release|Any CPU
		{ED8334A9-F501-4547-B5EF-03C6D46C25D6}.Release|Any CPU.Build.0 = Release|Any CPU
		{990A8F88-F2A1-416C-94F2-9DEE6DBC50DA}.Debug|Any CPU.ActiveCfg = Debug|Any CPU
		{990A8F88-F2A1-416C-94F2-9DEE6DBC50DA}.Debug|Any CPU.Build.0 = Debug|Any CPU
		{990A8F88-F2A1-416C-94F2-9DEE6DBC50DA}.Release|Any CPU.ActiveCfg = Release|Any CPU
		{990A8F88-F2A1-416C-94F2-9DEE6DBC50DA}.Release|Any CPU.Build.0 = Release|Any CPU
	EndGlobalSection
	GlobalSection(SolutionProperties) = preSolution
		HideSolutionNode = FALSE
	EndGlobalSection
	GlobalSection(NestedProjects) = preSolution
		{516B1232-6903-420E-9DD2-10187AFA5850} = {6672B834-BDB9-4A69-96B9-147F114C8FB5}
		{990A8F88-F2A1-416C-94F2-9DEE6DBC50DA} = {6672B834-BDB9-4A69-96B9-147F114C8FB5}
	EndGlobalSection
	GlobalSection(ExtensibilityGlobals) = postSolution
		SolutionGuid = {8686ED1D-73C3-48EB-9011-0046C70801E6}
	EndGlobalSection
EndGlobal
