
Microsoft Visual Studio Solution File, Format Version 12.00
# Visual Studio Version 17
VisualStudioVersion = 17.5.33103.201
MinimumVisualStudioVersion = 10.0.40219.1
Project("{FAE04EC0-301F-11D3-BF4B-00C04F79EFBC}") = "OpenHdWebUi.Server", "OpenHdWebUi.Server\OpenHdWebUi.Server.csproj", "{647C1CD1-5AE0-4D2F-8761-A27A6A26856C}"
EndProject
Global
	GlobalSection(SolutionConfigurationPlatforms) = preSolution
		Debug|Any CPU = Debug|Any CPU
		Release|Any CPU = Release|Any CPU
	EndGlobalSection
	GlobalSection(ProjectConfigurationPlatforms) = postSolution
		{647C1CD1-5AE0-4D2F-8761-A27A6A26856C}.Debug|Any CPU.ActiveCfg = Debug|Any CPU
		{647C1CD1-5AE0-4D2F-8761-A27A6A26856C}.Debug|Any CPU.Build.0 = Debug|Any CPU
		{647C1CD1-5AE0-4D2F-8761-A27A6A26856C}.Release|Any CPU.ActiveCfg = Release|Any CPU
		{647C1CD1-5AE0-4D2F-8761-A27A6A26856C}.Release|Any CPU.Build.0 = Release|Any CPU
	EndGlobalSection
	GlobalSection(SolutionProperties) = preSolution
		HideSolutionNode = FALSE
	EndGlobalSection
	GlobalSection(ExtensibilityGlobals) = postSolution
		SolutionGuid = {8686ED1D-73C3-48EB-9011-0046C70801E6}
	EndGlobalSection
EndGlobal
